
Microsoft Visual Studio Solution File, Format Version 12.00
# Visual Studio Version 17
VisualStudioVersion = 17.14.36915.13 d17.14
MinimumVisualStudioVersion = 10.0.40219.1
Project("{FAE04EC0-301F-11D3-BF4B-00C04F79EFBC}") = "BMI計算機", "BMI計算機\BMI計算機.csproj", "{A7538391-F55D-442D-A61B-E52F3C083742}"
EndProject
Global
	GlobalSection(SolutionConfigurationPlatforms) = preSolution
		Debug|Any CPU = Debug|Any CPU
		Release|Any CPU = Release|Any CPU
	EndGlobalSection
	GlobalSection(ProjectConfigurationPlatforms) = postSolution
		{A7538391-F55D-442D-A61B-E52F3C083742}.Debug|Any CPU.ActiveCfg = Debug|Any CPU
		{A7538391-F55D-442D-A61B-E52F3C083742}.Debug|Any CPU.Build.0 = Debug|Any CPU
		{A7538391-F55D-442D-A61B-E52F3C083742}.Release|Any CPU.ActiveCfg = Release|Any CPU
		{A7538391-F55D-442D-A61B-E52F3C083742}.Release|Any CPU.Build.0 = Release|Any CPU
	EndGlobalSection
	GlobalSection(SolutionProperties) = preSolution
		HideSolutionNode = FALSE
	EndGlobalSection
	GlobalSection(ExtensibilityGlobals) = postSolution
		SolutionGuid = {048A1FE2-C46C-41A9-89AA-5BFF86B2AA61}
	EndGlobalSection
EndGlobal
